{
  "name": "todo-with-zustand",
  "lockfileVersion": 2,
  "requires": true,
  "packages": {
    "": {
      "dependencies": {
        "zustand": "^3.7.1"
      }
    },
    "node_modules/zustand": {
      "version": "3.7.1",
      "resolved": "https://registry.npmjs.org/zustand/-/zustand-3.7.1.tgz",
      "integrity": "sha512-wHBCZlKj+bg03/hP+Tzv24YhnqqP8MCeN9ECPDXoF01062SIbnfl3j9O0znkDw1lNTY0a8WN3F///a0UhhaEqg==",
      "engines": {
        "node": ">=12.7.0"
      },
      "peerDependencies": {
        "react": ">=16.8"
      },
      "peerDependenciesMeta": {
        "react": {
          "optional": true
        }
      }
    }
  },
  "dependencies": {
    "zustand": {
      "version": "3.7.1",
      "resolved": "https://registry.npmjs.org/zustand/-/zustand-3.7.1.tgz",
      "integrity": "sha512-wHBCZlKj+bg03/hP+Tzv24YhnqqP8MCeN9ECPDXoF01062SIbnfl3j9O0znkDw1lNTY0a8WN3F///a0UhhaEqg==",
      "requires": {}
    }
  }
}
